{
	"name": "@frankvdb/node-red-contrib-opentelemetry",
	"version": "1.0.0",
	"lockfileVersion": 3,
	"requires": true,
	"packages": {
		"": {
			"name": "@frankvdb/node-red-contrib-opentelemetry",
			"version": "1.0.0",
			"license": "LGPL-3.0-or-later",
			"dependencies": {
				"@opentelemetry/api": "^1.9.0",
				"@opentelemetry/api-logs": "^0.57.2",
				"@opentelemetry/core": "^1.30.1",
				"@opentelemetry/exporter-logs-otlp-http": "^0.57.2",
				"@opentelemetry/exporter-metrics-otlp-http": "^0.57.2",
				"@opentelemetry/exporter-trace-otlp-http": "^0.57.2",
				"@opentelemetry/exporter-trace-otlp-proto": "^0.57.2",
				"@opentelemetry/propagator-b3": "^1.30.1",
				"@opentelemetry/propagator-jaeger": "^1.30.1",
				"@opentelemetry/resources": "^1.30.1",
				"@opentelemetry/sdk-logs": "^0.57.2",
				"@opentelemetry/sdk-metrics": "^1.30.1",
				"@opentelemetry/sdk-trace-base": "^1.30.1",
				"@opentelemetry/semantic-conventions": "^1.30.0",
				"jmespath": "^0.16.0",
				"on-finished": "^2.4.1"
			},
			"devDependencies": {
				"@biomejs/biome": "^2.4.11"
			},
			"engines": {
				"node": ">=22.0.0"
			}
		},
		"node_modules/@biomejs/biome": {
			"version": "2.4.11",
			"resolved": "https://registry.npmjs.org/@biomejs/biome/-/biome-2.4.11.tgz",
			"integrity": "sha512-nWxHX8tf3Opb/qRgZpBbsTOqOodkbrkJ7S+JxJAruxOReaDPPmPuLBAGQ8vigyUgo0QBB+oQltNEAvalLcjggA==",
			"dev": true,
			"license": "MIT OR Apache-2.0",
			"bin": {
				"biome": "bin/biome"
			},
			"engines": {
				"node": ">=14.21.3"
			},
			"funding": {
				"type": "opencollective",
				"url": "https://opencollective.com/biome"
			},
			"optionalDependencies": {
				"@biomejs/cli-darwin-arm64": "2.4.11",
				"@biomejs/cli-darwin-x64": "2.4.11",
				"@biomejs/cli-linux-arm64": "2.4.11",
				"@biomejs/cli-linux-arm64-musl": "2.4.11",
				"@biomejs/cli-linux-x64": "2.4.11",
				"@biomejs/cli-linux-x64-musl": "2.4.11",
				"@biomejs/cli-win32-arm64": "2.4.11",
				"@biomejs/cli-win32-x64": "2.4.11"
			}
		},
		"node_modules/@biomejs/cli-darwin-arm64": {
			"version": "2.4.11",
			"resolved": "https://registry.npmjs.org/@biomejs/cli-darwin-arm64/-/cli-darwin-arm64-2.4.11.tgz",
			"integrity": "sha512-wOt+ed+L2dgZanWyL6i29qlXMc088N11optzpo10peayObBaAshbTcxKUchzEMp9QSY8rh5h6VfAFE3WTS1rqg==",
			"cpu": [
				"arm64"
			],
			"dev": true,
			"license": "MIT OR Apache-2.0",
			"optional": true,
			"os": [
				"darwin"
			],
			"engines": {
				"node": ">=14.21.3"
			}
		},
		"node_modules/@biomejs/cli-darwin-x64": {
			"version": "2.4.11",
			"resolved": "https://registry.npmjs.org/@biomejs/cli-darwin-x64/-/cli-darwin-x64-2.4.11.tgz",
			"integrity": "sha512-gZ6zR8XmZlExfi/Pz/PffmdpWOQ8Qhy7oBztgkR8/ylSRyLwfRPSadmiVCV8WQ8PoJ2MWUy2fgID9zmtgUUJmw==",
			"cpu": [
				"x64"
			],
			"dev": true,
			"license": "MIT OR Apache-2.0",
			"optional": true,
			"os": [
				"darwin"
			],
			"engines": {
				"node": ">=14.21.3"
			}
		},
		"node_modules/@biomejs/cli-linux-arm64": {
			"version": "2.4.11",
			"resolved": "https://registry.npmjs.org/@biomejs/cli-linux-arm64/-/cli-linux-arm64-2.4.11.tgz",
			"integrity": "sha512-avdJaEElXrKceK0va9FkJ4P5ci3N01TGkc6ni3P8l3BElqbOz42Wg2IyX3gbh0ZLEd4HVKEIrmuVu/AMuSeFFA==",
			"cpu": [
				"arm64"
			],
			"dev": true,
			"license": "MIT OR Apache-2.0",
			"optional": true,
			"os": [
				"linux"
			],
			"engines": {
				"node": ">=14.21.3"
			}
		},
		"node_modules/@biomejs/cli-linux-arm64-musl": {
			"version": "2.4.11",
			"resolved": "https://registry.npmjs.org/@biomejs/cli-linux-arm64-musl/-/cli-linux-arm64-musl-2.4.11.tgz",
			"integrity": "sha512-+Sbo1OAmlegtdwqFE8iOxFIWLh1B3OEgsuZfBpyyN/kWuqZ8dx9ZEes6zVnDMo+zRHF2wLynRVhoQmV7ohxl2Q==",
			"cpu": [
				"arm64"
			],
			"dev": true,
			"license": "MIT OR Apache-2.0",
			"optional": true,
			"os": [
				"linux"
			],
			"engines": {
				"node": ">=14.21.3"
			}
		},
		"node_modules/@biomejs/cli-linux-x64": {
			"version": "2.4.11",
			"resolved": "https://registry.npmjs.org/@biomejs/cli-linux-x64/-/cli-linux-x64-2.4.11.tgz",
			"integrity": "sha512-TagWV0iomp5LnEnxWFg4nQO+e52Fow349vaX0Q/PIcX6Zhk4GGBgp3qqZ8PVkpC+cuehRctMf3+6+FgQ8jCEFQ==",
			"cpu": [
				"x64"
			],
			"dev": true,
			"license": "MIT OR Apache-2.0",
			"optional": true,
			"os": [
				"linux"
			],
			"engines": {
				"node": ">=14.21.3"
			}
		},
		"node_modules/@biomejs/cli-linux-x64-musl": {
			"version": "2.4.11",
			"resolved": "https://registry.npmjs.org/@biomejs/cli-linux-x64-musl/-/cli-linux-x64-musl-2.4.11.tgz",
			"integrity": "sha512-bexd2IklK7ZgPhrz6jXzpIL6dEAH9MlJU1xGTrypx+FICxrXUp4CqtwfiuoDKse+UlgAlWtzML3jrMqeEAHEhA==",
			"cpu": [
				"x64"
			],
			"dev": true,
			"license": "MIT OR Apache-2.0",
			"optional": true,
			"os": [
				"linux"
			],
			"engines": {
				"node": ">=14.21.3"
			}
		},
		"node_modules/@biomejs/cli-win32-arm64": {
			"version": "2.4.11",
			"resolved": "https://registry.npmjs.org/@biomejs/cli-win32-arm64/-/cli-win32-arm64-2.4.11.tgz",
			"integrity": "sha512-RJhaTnY8byzxDt4bDVb7AFPHkPcjOPK3xBip4ZRTrN3TEfyhjLRm3r3mqknqydgVTB74XG8l4jMLwEACEeihVg==",
			"cpu": [
				"arm64"
			],
			"dev": true,
			"license": "MIT OR Apache-2.0",
			"optional": true,
			"os": [
				"win32"
			],
			"engines": {
				"node": ">=14.21.3"
			}
		},
		"node_modules/@biomejs/cli-win32-x64": {
			"version": "2.4.11",
			"resolved": "https://registry.npmjs.org/@biomejs/cli-win32-x64/-/cli-win32-x64-2.4.11.tgz",
			"integrity": "sha512-A8D3JM/00C2KQgUV3oj8Ba15EHEYwebAGCy5Sf9GAjr5Y3+kJIYOiESoqRDeuRZueuMdCsbLZIUqmPhpYXJE9A==",
			"cpu": [
				"x64"
			],
			"dev": true,
			"license": "MIT OR Apache-2.0",
			"optional": true,
			"os": [
				"win32"
			],
			"engines": {
				"node": ">=14.21.3"
			}
		},
		"node_modules/@opentelemetry/api": {
			"version": "1.9.0",
			"resolved": "https://registry.npmjs.org/@opentelemetry/api/-/api-1.9.0.tgz",
			"integrity": "sha512-3giAOQvZiH5F9bMlMiv8+GSPMeqg0dbaeo58/0SlA9sxSqZhnUtxzX9/2FzyhS9sWQf5S0GJE0AKBrFqjpeYcg==",
			"engines": {
				"node": ">=8.0.0"
			}
		},
		"node_modules/@opentelemetry/api-logs": {
			"version": "0.57.2",
			"resolved": "https://registry.npmjs.org/@opentelemetry/api-logs/-/api-logs-0.57.2.tgz",
			"integrity": "sha512-uIX52NnTM0iBh84MShlpouI7UKqkZ7MrUszTmaypHBu4r7NofznSnQRfJ+uUeDtQDj6w8eFGg5KBLDAwAPz1+A==",
			"license": "Apache-2.0",
			"dependencies": {
				"@opentelemetry/api": "^1.3.0"
			},
			"engines": {
				"node": ">=14"
			}
		},
		"node_modules/@opentelemetry/core": {
			"version": "1.30.1",
			"resolved": "https://registry.npmjs.org/@opentelemetry/core/-/core-1.30.1.tgz",
			"integrity": "sha512-OOCM2C/QIURhJMuKaekP3TRBxBKxG/TWWA0TL2J6nXUtDnuCtccy49LUJF8xPFXMX+0LMcxFpCo8M9cGY1W6rQ==",
			"license": "Apache-2.0",
			"dependencies": {
				"@opentelemetry/semantic-conventions": "1.28.0"
			},
			"engines": {
				"node": ">=14"
			},
			"peerDependencies": {
				"@opentelemetry/api": ">=1.0.0 <1.10.0"
			}
		},
		"node_modules/@opentelemetry/core/node_modules/@opentelemetry/semantic-conventions": {
			"version": "1.28.0",
			"resolved": "https://registry.npmjs.org/@opentelemetry/semantic-conventions/-/semantic-conventions-1.28.0.tgz",
			"integrity": "sha512-lp4qAiMTD4sNWW4DbKLBkfiMZ4jbAboJIGOQr5DvciMRI494OapieI9qiODpOt0XBr1LjIDy1xAGAnVs5supTA==",
			"license": "Apache-2.0",
			"engines": {
				"node": ">=14"
			}
		},
		"node_modules/@opentelemetry/exporter-logs-otlp-http": {
			"version": "0.57.2",
			"resolved": "https://registry.npmjs.org/@opentelemetry/exporter-logs-otlp-http/-/exporter-logs-otlp-http-0.57.2.tgz",
			"integrity": "sha512-0rygmvLcehBRp56NQVLSleJ5ITTduq/QfU7obOkyWgPpFHulwpw2LYTqNIz5TczKZuy5YY+5D3SDnXZL1tXImg==",
			"license": "Apache-2.0",
			"dependencies": {
				"@opentelemetry/api-logs": "0.57.2",
				"@opentelemetry/core": "1.30.1",
				"@opentelemetry/otlp-exporter-base": "0.57.2",
				"@opentelemetry/otlp-transformer": "0.57.2",
				"@opentelemetry/sdk-logs": "0.57.2"
			},
			"engines": {
				"node": ">=14"
			},
			"peerDependencies": {
				"@opentelemetry/api": "^1.3.0"
			}
		},
		"node_modules/@opentelemetry/exporter-metrics-otlp-http": {
			"version": "0.57.2",
			"resolved": "https://registry.npmjs.org/@opentelemetry/exporter-metrics-otlp-http/-/exporter-metrics-otlp-http-0.57.2.tgz",
			"integrity": "sha512-ttb9+4iKw04IMubjm3t0EZsYRNWr3kg44uUuzfo9CaccYlOh8cDooe4QObDUkvx9d5qQUrbEckhrWKfJnKhemA==",
			"license": "Apache-2.0",
			"dependencies": {
				"@opentelemetry/core": "1.30.1",
				"@opentelemetry/otlp-exporter-base": "0.57.2",
				"@opentelemetry/otlp-transformer": "0.57.2",
				"@opentelemetry/resources": "1.30.1",
				"@opentelemetry/sdk-metrics": "1.30.1"
			},
			"engines": {
				"node": ">=14"
			},
			"peerDependencies": {
				"@opentelemetry/api": "^1.3.0"
			}
		},
		"node_modules/@opentelemetry/exporter-trace-otlp-http": {
			"version": "0.57.2",
			"resolved": "https://registry.npmjs.org/@opentelemetry/exporter-trace-otlp-http/-/exporter-trace-otlp-http-0.57.2.tgz",
			"integrity": "sha512-sB/gkSYFu+0w2dVQ0PWY9fAMl172PKMZ/JrHkkW8dmjCL0CYkmXeE+ssqIL/yBUTPOvpLIpenX5T9RwXRBW/3g==",
			"license": "Apache-2.0",
			"dependencies": {
				"@opentelemetry/core": "1.30.1",
				"@opentelemetry/otlp-exporter-base": "0.57.2",
				"@opentelemetry/otlp-transformer": "0.57.2",
				"@opentelemetry/resources": "1.30.1",
				"@opentelemetry/sdk-trace-base": "1.30.1"
			},
			"engines": {
				"node": ">=14"
			},
			"peerDependencies": {
				"@opentelemetry/api": "^1.3.0"
			}
		},
		"node_modules/@opentelemetry/exporter-trace-otlp-proto": {
			"version": "0.57.2",
			"resolved": "https://registry.npmjs.org/@opentelemetry/exporter-trace-otlp-proto/-/exporter-trace-otlp-proto-0.57.2.tgz",
			"integrity": "sha512-awDdNRMIwDvUtoRYxRhja5QYH6+McBLtoz1q9BeEsskhZcrGmH/V1fWpGx8n+Rc+542e8pJA6y+aullbIzQmlw==",
			"license": "Apache-2.0",
			"dependencies": {
				"@opentelemetry/core": "1.30.1",
				"@opentelemetry/otlp-exporter-base": "0.57.2",
				"@opentelemetry/otlp-transformer": "0.57.2",
				"@opentelemetry/resources": "1.30.1",
				"@opentelemetry/sdk-trace-base": "1.30.1"
			},
			"engines": {
				"node": ">=14"
			},
			"peerDependencies": {
				"@opentelemetry/api": "^1.3.0"
			}
		},
		"node_modules/@opentelemetry/otlp-exporter-base": {
			"version": "0.57.2",
			"resolved": "https://registry.npmjs.org/@opentelemetry/otlp-exporter-base/-/otlp-exporter-base-0.57.2.tgz",
			"integrity": "sha512-XdxEzL23Urhidyebg5E6jZoaiW5ygP/mRjxLHixogbqwDy2Faduzb5N0o/Oi+XTIJu+iyxXdVORjXax+Qgfxag==",
			"license": "Apache-2.0",
			"dependencies": {
				"@opentelemetry/core": "1.30.1",
				"@opentelemetry/otlp-transformer": "0.57.2"
			},
			"engines": {
				"node": ">=14"
			},
			"peerDependencies": {
				"@opentelemetry/api": "^1.3.0"
			}
		},
		"node_modules/@opentelemetry/otlp-transformer": {
			"version": "0.57.2",
			"resolved": "https://registry.npmjs.org/@opentelemetry/otlp-transformer/-/otlp-transformer-0.57.2.tgz",
			"integrity": "sha512-48IIRj49gbQVK52jYsw70+Jv+JbahT8BqT2Th7C4H7RCM9d0gZ5sgNPoMpWldmfjvIsSgiGJtjfk9MeZvjhoig==",
			"license": "Apache-2.0",
			"dependencies": {
				"@opentelemetry/api-logs": "0.57.2",
				"@opentelemetry/core": "1.30.1",
				"@opentelemetry/resources": "1.30.1",
				"@opentelemetry/sdk-logs": "0.57.2",
				"@opentelemetry/sdk-metrics": "1.30.1",
				"@opentelemetry/sdk-trace-base": "1.30.1",
				"protobufjs": "^7.3.0"
			},
			"engines": {
				"node": ">=14"
			},
			"peerDependencies": {
				"@opentelemetry/api": "^1.3.0"
			}
		},
		"node_modules/@opentelemetry/propagator-b3": {
			"version": "1.30.1",
			"resolved": "https://registry.npmjs.org/@opentelemetry/propagator-b3/-/propagator-b3-1.30.1.tgz",
			"integrity": "sha512-oATwWWDIJzybAZ4pO76ATN5N6FFbOA1otibAVlS8v90B4S1wClnhRUk7K+2CHAwN1JKYuj4jh/lpCEG5BAqFuQ==",
			"license": "Apache-2.0",
			"dependencies": {
				"@opentelemetry/core": "1.30.1"
			},
			"engines": {
				"node": ">=14"
			},
			"peerDependencies": {
				"@opentelemetry/api": ">=1.0.0 <1.10.0"
			}
		},
		"node_modules/@opentelemetry/propagator-jaeger": {
			"version": "1.30.1",
			"resolved": "https://registry.npmjs.org/@opentelemetry/propagator-jaeger/-/propagator-jaeger-1.30.1.tgz",
			"integrity": "sha512-Pj/BfnYEKIOImirH76M4hDaBSx6HyZ2CXUqk+Kj02m6BB80c/yo4BdWkn/1gDFfU+YPY+bPR2U0DKBfdxCKwmg==",
			"license": "Apache-2.0",
			"dependencies": {
				"@opentelemetry/core": "1.30.1"
			},
			"engines": {
				"node": ">=14"
			},
			"peerDependencies": {
				"@opentelemetry/api": ">=1.0.0 <1.10.0"
			}
		},
		"node_modules/@opentelemetry/resources": {
			"version": "1.30.1",
			"resolved": "https://registry.npmjs.org/@opentelemetry/resources/-/resources-1.30.1.tgz",
			"integrity": "sha512-5UxZqiAgLYGFjS4s9qm5mBVo433u+dSPUFWVWXmLAD4wB65oMCoXaJP1KJa9DIYYMeHu3z4BZcStG3LC593cWA==",
			"license": "Apache-2.0",
			"dependencies": {
				"@opentelemetry/core": "1.30.1",
				"@opentelemetry/semantic-conventions": "1.28.0"
			},
			"engines": {
				"node": ">=14"
			},
			"peerDependencies": {
				"@opentelemetry/api": ">=1.0.0 <1.10.0"
			}
		},
		"node_modules/@opentelemetry/resources/node_modules/@opentelemetry/semantic-conventions": {
			"version": "1.28.0",
			"resolved": "https://registry.npmjs.org/@opentelemetry/semantic-conventions/-/semantic-conventions-1.28.0.tgz",
			"integrity": "sha512-lp4qAiMTD4sNWW4DbKLBkfiMZ4jbAboJIGOQr5DvciMRI494OapieI9qiODpOt0XBr1LjIDy1xAGAnVs5supTA==",
			"license": "Apache-2.0",
			"engines": {
				"node": ">=14"
			}
		},
		"node_modules/@opentelemetry/sdk-logs": {
			"version": "0.57.2",
			"resolved": "https://registry.npmjs.org/@opentelemetry/sdk-logs/-/sdk-logs-0.57.2.tgz",
			"integrity": "sha512-TXFHJ5c+BKggWbdEQ/inpgIzEmS2BGQowLE9UhsMd7YYlUfBQJ4uax0VF/B5NYigdM/75OoJGhAV3upEhK+3gg==",
			"license": "Apache-2.0",
			"dependencies": {
				"@opentelemetry/api-logs": "0.57.2",
				"@opentelemetry/core": "1.30.1",
				"@opentelemetry/resources": "1.30.1"
			},
			"engines": {
				"node": ">=14"
			},
			"peerDependencies": {
				"@opentelemetry/api": ">=1.4.0 <1.10.0"
			}
		},
		"node_modules/@opentelemetry/sdk-metrics": {
			"version": "1.30.1",
			"resolved": "https://registry.npmjs.org/@opentelemetry/sdk-metrics/-/sdk-metrics-1.30.1.tgz",
			"integrity": "sha512-q9zcZ0Okl8jRgmy7eNW3Ku1XSgg3sDLa5evHZpCwjspw7E8Is4K/haRPDJrBcX3YSn/Y7gUvFnByNYEKQNbNog==",
			"license": "Apache-2.0",
			"dependencies": {
				"@opentelemetry/core": "1.30.1",
				"@opentelemetry/resources": "1.30.1"
			},
			"engines": {
				"node": ">=14"
			},
			"peerDependencies": {
				"@opentelemetry/api": ">=1.3.0 <1.10.0"
			}
		},
		"node_modules/@opentelemetry/sdk-trace-base": {
			"version": "1.30.1",
			"resolved": "https://registry.npmjs.org/@opentelemetry/sdk-trace-base/-/sdk-trace-base-1.30.1.tgz",
			"integrity": "sha512-jVPgBbH1gCy2Lb7X0AVQ8XAfgg0pJ4nvl8/IiQA6nxOsPvS+0zMJaFSs2ltXe0J6C8dqjcnpyqINDJmU30+uOg==",
			"license": "Apache-2.0",
			"dependencies": {
				"@opentelemetry/core": "1.30.1",
				"@opentelemetry/resources": "1.30.1",
				"@opentelemetry/semantic-conventions": "1.28.0"
			},
			"engines": {
				"node": ">=14"
			},
			"peerDependencies": {
				"@opentelemetry/api": ">=1.0.0 <1.10.0"
			}
		},
		"node_modules/@opentelemetry/sdk-trace-base/node_modules/@opentelemetry/semantic-conventions": {
			"version": "1.28.0",
			"resolved": "https://registry.npmjs.org/@opentelemetry/semantic-conventions/-/semantic-conventions-1.28.0.tgz",
			"integrity": "sha512-lp4qAiMTD4sNWW4DbKLBkfiMZ4jbAboJIGOQr5DvciMRI494OapieI9qiODpOt0XBr1LjIDy1xAGAnVs5supTA==",
			"license": "Apache-2.0",
			"engines": {
				"node": ">=14"
			}
		},
		"node_modules/@opentelemetry/semantic-conventions": {
			"version": "1.39.0",
			"resolved": "https://registry.npmjs.org/@opentelemetry/semantic-conventions/-/semantic-conventions-1.39.0.tgz",
			"integrity": "sha512-R5R9tb2AXs2IRLNKLBJDynhkfmx7mX0vi8NkhZb3gUkPWHn6HXk5J8iQ/dql0U3ApfWym4kXXmBDRGO+oeOfjg==",
			"license": "Apache-2.0",
			"engines": {
				"node": ">=14"
			}
		},
		"node_modules/@protobufjs/aspromise": {
			"version": "1.1.2",
			"resolved": "https://registry.npmjs.org/@protobufjs/aspromise/-/aspromise-1.1.2.tgz",
			"integrity": "sha512-j+gKExEuLmKwvz3OgROXtrJ2UG2x8Ch2YZUxahh+s1F2HZ+wAceUNLkvy6zKCPVRkU++ZWQrdxsUeQXmcg4uoQ==",
			"license": "BSD-3-Clause"
		},
		"node_modules/@protobufjs/base64": {
			"version": "1.1.2",
			"resolved": "https://registry.npmjs.org/@protobufjs/base64/-/base64-1.1.2.tgz",
			"integrity": "sha512-AZkcAA5vnN/v4PDqKyMR5lx7hZttPDgClv83E//FMNhR2TMcLUhfRUBHCmSl0oi9zMgDDqRUJkSxO3wm85+XLg==",
			"license": "BSD-3-Clause"
		},
		"node_modules/@protobufjs/codegen": {
			"version": "2.0.4",
			"resolved": "https://registry.npmjs.org/@protobufjs/codegen/-/codegen-2.0.4.tgz",
			"integrity": "sha512-YyFaikqM5sH0ziFZCN3xDC7zeGaB/d0IUb9CATugHWbd1FRFwWwt4ld4OYMPWu5a3Xe01mGAULCdqhMlPl29Jg==",
			"license": "BSD-3-Clause"
		},
		"node_modules/@protobufjs/eventemitter": {
			"version": "1.1.0",
			"resolved": "https://registry.npmjs.org/@protobufjs/eventemitter/-/eventemitter-1.1.0.tgz",
			"integrity": "sha512-j9ednRT81vYJ9OfVuXG6ERSTdEL1xVsNgqpkxMsbIabzSo3goCjDIveeGv5d03om39ML71RdmrGNjG5SReBP/Q==",
			"license": "BSD-3-Clause"
		},
		"node_modules/@protobufjs/fetch": {
			"version": "1.1.0",
			"resolved": "https://registry.npmjs.org/@protobufjs/fetch/-/fetch-1.1.0.tgz",
			"integrity": "sha512-lljVXpqXebpsijW71PZaCYeIcE5on1w5DlQy5WH6GLbFryLUrBD4932W/E2BSpfRJWseIL4v/KPgBFxDOIdKpQ==",
			"license": "BSD-3-Clause",
			"dependencies": {
				"@protobufjs/aspromise": "^1.1.1",
				"@protobufjs/inquire": "^1.1.0"
			}
		},
		"node_modules/@protobufjs/float": {
			"version": "1.0.2",
			"resolved": "https://registry.npmjs.org/@protobufjs/float/-/float-1.0.2.tgz",
			"integrity": "sha512-Ddb+kVXlXst9d+R9PfTIxh1EdNkgoRe5tOX6t01f1lYWOvJnSPDBlG241QLzcyPdoNTsblLUdujGSE4RzrTZGQ==",
			"license": "BSD-3-Clause"
		},
		"node_modules/@protobufjs/inquire": {
			"version": "1.1.0",
			"resolved": "https://registry.npmjs.org/@protobufjs/inquire/-/inquire-1.1.0.tgz",
			"integrity": "sha512-kdSefcPdruJiFMVSbn801t4vFK7KB/5gd2fYvrxhuJYg8ILrmn9SKSX2tZdV6V+ksulWqS7aXjBcRXl3wHoD9Q==",
			"license": "BSD-3-Clause"
		},
		"node_modules/@protobufjs/path": {
			"version": "1.1.2",
			"resolved": "https://registry.npmjs.org/@protobufjs/path/-/path-1.1.2.tgz",
			"integrity": "sha512-6JOcJ5Tm08dOHAbdR3GrvP+yUUfkjG5ePsHYczMFLq3ZmMkAD98cDgcT2iA1lJ9NVwFd4tH/iSSoe44YWkltEA==",
			"license": "BSD-3-Clause"
		},
		"node_modules/@protobufjs/pool": {
			"version": "1.1.0",
			"resolved": "https://registry.npmjs.org/@protobufjs/pool/-/pool-1.1.0.tgz",
			"integrity": "sha512-0kELaGSIDBKvcgS4zkjz1PeddatrjYcmMWOlAuAPwAeccUrPHdUqo/J6LiymHHEiJT5NrF1UVwxY14f+fy4WQw==",
			"license": "BSD-3-Clause"
		},
		"node_modules/@protobufjs/utf8": {
			"version": "1.1.0",
			"resolved": "https://registry.npmjs.org/@protobufjs/utf8/-/utf8-1.1.0.tgz",
			"integrity": "sha512-Vvn3zZrhQZkkBE8LSuW3em98c0FwgO4nxzv6OdSxPKJIEKY2bGbHn+mhGIPerzI4twdxaP8/0+06HBpwf345Lw==",
			"license": "BSD-3-Clause"
		},
		"node_modules/@types/node": {
			"version": "25.6.0",
			"resolved": "https://registry.npmjs.org/@types/node/-/node-25.6.0.tgz",
			"integrity": "sha512-+qIYRKdNYJwY3vRCZMdJbPLJAtGjQBudzZzdzwQYkEPQd+PJGixUL5QfvCLDaULoLv+RhT3LDkwEfKaAkgSmNQ==",
			"license": "MIT",
			"dependencies": {
				"undici-types": "~7.19.0"
			}
		},
		"node_modules/ee-first": {
			"version": "1.1.1",
			"resolved": "https://registry.npmjs.org/ee-first/-/ee-first-1.1.1.tgz",
			"integrity": "sha512-WMwm9LhRUo+WUaRN+vRuETqG89IgZphVSNkdFgeb6sS/E4OrDIN7t48CAewSHXc6C8lefD8KKfr5vY61brQlow=="
		},
		"node_modules/jmespath": {
			"version": "0.16.0",
			"resolved": "https://registry.npmjs.org/jmespath/-/jmespath-0.16.0.tgz",
			"integrity": "sha512-9FzQjJ7MATs1tSpnco1K6ayiYE3figslrXA72G2HQ/n76RzvYlofyi5QM+iX4YRs/pu3yzxlVQSST23+dMDknw==",
			"engines": {
				"node": ">= 0.6.0"
			}
		},
		"node_modules/long": {
			"version": "5.3.2",
			"resolved": "https://registry.npmjs.org/long/-/long-5.3.2.tgz",
			"integrity": "sha512-mNAgZ1GmyNhD7AuqnTG3/VQ26o760+ZYBPKjPvugO8+nLbYfX6TVpJPseBvopbdY+qpZ/lKUnmEc1LeZYS3QAA==",
			"license": "Apache-2.0"
		},
		"node_modules/on-finished": {
			"version": "2.4.1",
			"resolved": "https://registry.npmjs.org/on-finished/-/on-finished-2.4.1.tgz",
			"integrity": "sha512-oVlzkg3ENAhCk2zdv7IJwd/QUD4z2RxRwpkcGY8psCVcCYZNq4wYnVWALHM+brtuJjePWiYF/ClmuDr8Ch5+kg==",
			"dependencies": {
				"ee-first": "1.1.1"
			},
			"engines": {
				"node": ">= 0.8"
			}
		},
		"node_modules/protobufjs": {
			"version": "7.5.4",
			"resolved": "https://registry.npmjs.org/protobufjs/-/protobufjs-7.5.4.tgz",
			"integrity": "sha512-CvexbZtbov6jW2eXAvLukXjXUW1TzFaivC46BpWc/3BpcCysb5Vffu+B3XHMm8lVEuy2Mm4XGex8hBSg1yapPg==",
			"hasInstallScript": true,
			"license": "BSD-3-Clause",
			"dependencies": {
				"@protobufjs/aspromise": "^1.1.2",
				"@protobufjs/base64": "^1.1.2",
				"@protobufjs/codegen": "^2.0.4",
				"@protobufjs/eventemitter": "^1.1.0",
				"@protobufjs/fetch": "^1.1.0",
				"@protobufjs/float": "^1.0.2",
				"@protobufjs/inquire": "^1.1.0",
				"@protobufjs/path": "^1.1.2",
				"@protobufjs/pool": "^1.1.0",
				"@protobufjs/utf8": "^1.1.0",
				"@types/node": ">=13.7.0",
				"long": "^5.0.0"
			},
			"engines": {
				"node": ">=12.0.0"
			}
		},
		"node_modules/undici-types": {
			"version": "7.19.2",
			"resolved": "https://registry.npmjs.org/undici-types/-/undici-types-7.19.2.tgz",
			"integrity": "sha512-qYVnV5OEm2AW8cJMCpdV20CDyaN3g0AjDlOGf1OW4iaDEx8MwdtChUp4zu4H0VP3nDRF/8RKWH+IPp9uW0YGZg==",
			"license": "MIT"
		}
	}
}
